
Microsoft Visual Studio Solution File, Format Version 12.00
# Visual Studio Version 17
VisualStudioVersion = 17.2.32602.215
MinimumVisualStudioVersion = 10.0.40219.1
Project("{FAE04EC0-301F-11D3-BF4B-00C04F79EFBC}") = "Lanchonete1", "Lanchonete1\Lanchonete1.csproj", "{CFA016B3-7251-49EB-872C-03B7F9F436C0}"
EndProject
Global
	GlobalSection(SolutionConfigurationPlatforms) = preSolution
		Debug|Any CPU = Debug|Any CPU
		Release|Any CPU = Release|Any CPU
	EndGlobalSection
	GlobalSection(ProjectConfigurationPlatforms) = postSolution
		{CFA016B3-7251-49EB-872C-03B7F9F436C0}.Debug|Any CPU.ActiveCfg = Debug|Any CPU
		{CFA016B3-7251-49EB-872C-03B7F9F436C0}.Debug|Any CPU.Build.0 = Debug|Any CPU
		{CFA016B3-7251-49EB-872C-03B7F9F436C0}.Release|Any CPU.ActiveCfg = Release|Any CPU
		{CFA016B3-7251-49EB-872C-03B7F9F436C0}.Release|Any CPU.Build.0 = Release|Any CPU
	EndGlobalSection
	GlobalSection(SolutionProperties) = preSolution
		HideSolutionNode = FALSE
	EndGlobalSection
	GlobalSection(ExtensibilityGlobals) = postSolution
		SolutionGuid = {645AFC73-C167-42E4-BA21-9ABA7366072F}
	EndGlobalSection
EndGlobal
